
Microsoft Visual Studio Solution File, Format Version 12.00
# Visual Studio Version 16
VisualStudioVersion = 16.0.28809.33
MinimumVisualStudioVersion = 10.0.40219.1
Project("{778DAE3C-4631-46EA-AA77-85C1314464D9}") = "VARIABLES", "VARIABLES\VARIABLES.vbproj", "{54AEA386-F484-4B5C-93F9-5C13FE688204}"
EndProject
Project("{778DAE3C-4631-46EA-AA77-85C1314464D9}") = "VARIABLES_TIPOS", "VARIABLES_TIPOS\VARIABLES_TIPOS.vbproj", "{8F8E45C2-4065-496C-8F4A-10418B941A84}"
EndProject
Project("{778DAE3C-4631-46EA-AA77-85C1314464D9}") = "CONCATENACION", "CONCATENACION\CONCATENACION.vbproj", "{64F7940C-49E1-456A-9F61-5DDBD0784981}"
EndProject
Project("{778DAE3C-4631-46EA-AA77-85C1314464D9}") = "ARITMETICA", "ARITMETICA\ARITMETICA.vbproj", "{D626FF0F-0D9A-4FCD-A11A-001D4EA3D54E}"
EndProject
Project("{778DAE3C-4631-46EA-AA77-85C1314464D9}") = "ECUACION", "ECUACION\ECUACION.vbproj", "{1101049C-A6AE-4F13-93DB-05E3FE2FCDEE}"
EndProject
Project("{778DAE3C-4631-46EA-AA77-85C1314464D9}") = "SUMATORIA_MEDIA", "SUMATORIA_MEDIA\SUMATORIA_MEDIA.vbproj", "{3356A288-8B8F-4A75-B706-472C2057E2B9}"
EndProject
Project("{778DAE3C-4631-46EA-AA77-85C1314464D9}") = "SEMANAS", "SEMANAS\SEMANAS.vbproj", "{115178F9-D98D-4835-BFB0-82CB7C51960B}"
EndProject
Project("{778DAE3C-4631-46EA-AA77-85C1314464D9}") = "ALGEBRA", "ALGEBRA\ALGEBRA.vbproj", "{F3E45A68-58DF-4104-B111-772185B55361}"
EndProject
Project("{778DAE3C-4631-46EA-AA77-85C1314464D9}") = "INTERES", "INTERES\INTERES.vbproj", "{73C4F941-332C-405B-A271-F411F9757ADA}"
EndProject
Project("{778DAE3C-4631-46EA-AA77-85C1314464D9}") = "RESTO_DIVISION", "RESTO_DIVISION\RESTO_DIVISION.vbproj", "{69147AE5-7F01-4888-A315-C291C3490498}"
EndProject
Project("{778DAE3C-4631-46EA-AA77-85C1314464D9}") = "MATEMATICA1", "MATEMATICA1\MATEMATICA1.vbproj", "{52EB7C12-82F0-48E1-99E5-365463707AFA}"
EndProject
Project("{778DAE3C-4631-46EA-AA77-85C1314464D9}") = "REDONDEO", "REDONDEO\REDONDEO.vbproj", "{D6F86912-4228-48CE-8B04-B4D2B14896FF}"
EndProject
Project("{778DAE3C-4631-46EA-AA77-85C1314464D9}") = "MAYOR", "MAYOR\MAYOR.vbproj", "{086B7B08-13DB-4B82-975B-467889F0958A}"
EndProject
Project("{778DAE3C-4631-46EA-AA77-85C1314464D9}") = "CADENAS1", "CADENAS1\CADENAS1.vbproj", "{B8C15EB4-F6FD-45F4-9FF5-D5BFF272EA6D}"
EndProject
Project("{778DAE3C-4631-46EA-AA77-85C1314464D9}") = "REFRASE", "REFRASE\REFRASE.vbproj", "{45190D0B-0388-4A76-957E-57DFFCF29A30}"
EndProject
Project("{778DAE3C-4631-46EA-AA77-85C1314464D9}") = "RELOJ", "RELOJ\RELOJ.vbproj", "{960CEFBD-EBA4-4108-9C9C-FCF475FF59E3}"
EndProject
Project("{778DAE3C-4631-46EA-AA77-85C1314464D9}") = "AJUSTAR_RELOJ", "AJUSTAR_RELOJ\AJUSTAR_RELOJ.vbproj", "{587FBE22-03CB-45F4-990D-EF5C188FC1EB}"
EndProject
Project("{778DAE3C-4631-46EA-AA77-85C1314464D9}") = "NUEVA_FECHA", "NUEVA_FECHA\NUEVA_FECHA.vbproj", "{E61A942D-CB07-42D0-BF12-05A3F0122E82}"
EndProject
Project("{F184B08F-C81C-45F6-A57F-5ABD9991F28F}") = "REFRASE_1", "REFRASE_1\REFRASE_1.vbproj", "{68A02765-656C-45D6-812F-E6D652CA07AA}"
EndProject
Project("{F184B08F-C81C-45F6-A57F-5ABD9991F28F}") = "CADENA_2", "CADENA_2\CADENA_2.vbproj", "{E1B56033-D361-4ED3-9ADE-523BCD60779D}"
EndProject
Project("{F184B08F-C81C-45F6-A57F-5ABD9991F28F}") = "RELOJ_1", "RELOJ_1\RELOJ_1.vbproj", "{4F2A083B-9174-4BB6-B404-76CF9488EE46}"
EndProject
Project("{F184B08F-C81C-45F6-A57F-5ABD9991F28F}") = "NUEVA_FECHA_1", "NUEVA_FECHA_1\NUEVA_FECHA_1.vbproj", "{6B8046EF-CA1F-43D3-B8B7-2F05F874688B}"
EndProject
Project("{F184B08F-C81C-45F6-A57F-5ABD9991F28F}") = "AJUSTAR_RELOJ_1", "AJUSTAR_RELOJ_1\AJUSTAR_RELOJ_1.vbproj", "{F26C6853-8E3C-4670-8F97-610AC9A7E4CB}"
EndProject
Project("{F184B08F-C81C-45F6-A57F-5ABD9991F28F}") = "DIAS", "DIAS\DIAS.vbproj", "{7059D458-2DDF-4B23-94E9-41349270BC33}"
EndProject
Global
	GlobalSection(SolutionConfigurationPlatforms) = preSolution
		Debug|Any CPU = Debug|Any CPU
		Release|Any CPU = Release|Any CPU
	EndGlobalSection
	GlobalSection(ProjectConfigurationPlatforms) = postSolution
		{54AEA386-F484-4B5C-93F9-5C13FE688204}.Debug|Any CPU.ActiveCfg = Debug|Any CPU
		{54AEA386-F484-4B5C-93F9-5C13FE688204}.Debug|Any CPU.Build.0 = Debug|Any CPU
		{54AEA386-F484-4B5C-93F9-5C13FE688204}.Release|Any CPU.ActiveCfg = Release|Any CPU
		{54AEA386-F484-4B5C-93F9-5C13FE688204}.Release|Any CPU.Build.0 = Release|Any CPU
		{8F8E45C2-4065-496C-8F4A-10418B941A84}.Debug|Any CPU.ActiveCfg = Debug|Any CPU
		{8F8E45C2-4065-496C-8F4A-10418B941A84}.Debug|Any CPU.Build.0 = Debug|Any CPU
		{8F8E45C2-4065-496C-8F4A-10418B941A84}.Release|Any CPU.ActiveCfg = Release|Any CPU
		{8F8E45C2-4065-496C-8F4A-10418B941A84}.Release|Any CPU.Build.0 = Release|Any CPU
		{64F7940C-49E1-456A-9F61-5DDBD0784981}.Debug|Any CPU.ActiveCfg = Debug|Any CPU
		{64F7940C-49E1-456A-9F61-5DDBD0784981}.Debug|Any CPU.Build.0 = Debug|Any CPU
		{64F7940C-49E1-456A-9F61-5DDBD0784981}.Release|Any CPU.ActiveCfg = Release|Any CPU
		{64F7940C-49E1-456A-9F61-5DDBD0784981}.Release|Any CPU.Build.0 = Release|Any CPU
		{D626FF0F-0D9A-4FCD-A11A-001D4EA3D54E}.Debug|Any CPU.ActiveCfg = Debug|Any CPU
		{D626FF0F-0D9A-4FCD-A11A-001D4EA3D54E}.Debug|Any CPU.Build.0 = Debug|Any CPU
		{D626FF0F-0D9A-4FCD-A11A-001D4EA3D54E}.Release|Any CPU.ActiveCfg = Release|Any CPU
		{D626FF0F-0D9A-4FCD-A11A-001D4EA3D54E}.Release|Any CPU.Build.0 = Release|Any CPU
		{1101049C-A6AE-4F13-93DB-05E3FE2FCDEE}.Debug|Any CPU.ActiveCfg = Debug|Any CPU
		{1101049C-A6AE-4F13-93DB-05E3FE2FCDEE}.Debug|Any CPU.Build.0 = Debug|Any CPU
		{1101049C-A6AE-4F13-93DB-05E3FE2FCDEE}.Release|Any CPU.ActiveCfg = Release|Any CPU
		{1101049C-A6AE-4F13-93DB-05E3FE2FCDEE}.Release|Any CPU.Build.0 = Release|Any CPU
		{3356A288-8B8F-4A75-B706-472C2057E2B9}.Debug|Any CPU.ActiveCfg = Debug|Any CPU
		{3356A288-8B8F-4A75-B706-472C2057E2B9}.Debug|Any CPU.Build.0 = Debug|Any CPU
		{3356A288-8B8F-4A75-B706-472C2057E2B9}.Release|Any CPU.ActiveCfg = Release|Any CPU
		{3356A288-8B8F-4A75-B706-472C2057E2B9}.Release|Any CPU.Build.0 = Release|Any CPU
		{115178F9-D98D-4835-BFB0-82CB7C51960B}.Debug|Any CPU.ActiveCfg = Debug|Any CPU
		{115178F9-D98D-4835-BFB0-82CB7C51960B}.Debug|Any CPU.Build.0 = Debug|Any CPU
		{115178F9-D98D-4835-BFB0-82CB7C51960B}.Release|Any CPU.ActiveCfg = Release|Any CPU
		{115178F9-D98D-4835-BFB0-82CB7C51960B}.Release|Any CPU.Build.0 = Release|Any CPU
		{F3E45A68-58DF-4104-B111-772185B55361}.Debug|Any CPU.ActiveCfg = Debug|Any CPU
		{F3E45A68-58DF-4104-B111-772185B55361}.Debug|Any CPU.Build.0 = Debug|Any CPU
		{F3E45A68-58DF-4104-B111-772185B55361}.Release|Any CPU.ActiveCfg = Release|Any CPU
		{F3E45A68-58DF-4104-B111-772185B55361}.Release|Any CPU.Build.0 = Release|Any CPU
		{73C4F941-332C-405B-A271-F411F9757ADA}.Debug|Any CPU.ActiveCfg = Debug|Any CPU
		{73C4F941-332C-405B-A271-F411F9757ADA}.Debug|Any CPU.Build.0 = Debug|Any CPU
		{73C4F941-332C-405B-A271-F411F9757ADA}.Release|Any CPU.ActiveCfg = Release|Any CPU
		{73C4F941-332C-405B-A271-F411F9757ADA}.Release|Any CPU.Build.0 = Release|Any CPU
		{69147AE5-7F01-4888-A315-C291C3490498}.Debug|Any CPU.ActiveCfg = Debug|Any CPU
		{69147AE5-7F01-4888-A315-C291C3490498}.Debug|Any CPU.Build.0 = Debug|Any CPU
		{69147AE5-7F01-4888-A315-C291C3490498}.Release|Any CPU.ActiveCfg = Release|Any CPU
		{69147AE5-7F01-4888-A315-C291C3490498}.Release|Any CPU.Build.0 = Release|Any CPU
		{52EB7C12-82F0-48E1-99E5-365463707AFA}.Debug|Any CPU.ActiveCfg = Debug|Any CPU
		{52EB7C12-82F0-48E1-99E5-365463707AFA}.Debug|Any CPU.Build.0 = Debug|Any CPU
		{52EB7C12-82F0-48E1-99E5-365463707AFA}.Release|Any CPU.ActiveCfg = Release|Any CPU
		{52EB7C12-82F0-48E1-99E5-365463707AFA}.Release|Any CPU.Build.0 = Release|Any CPU
		{D6F86912-4228-48CE-8B04-B4D2B14896FF}.Debug|Any CPU.ActiveCfg = Debug|Any CPU
		{D6F86912-4228-48CE-8B04-B4D2B14896FF}.Debug|Any CPU.Build.0 = Debug|Any CPU
		{D6F86912-4228-48CE-8B04-B4D2B14896FF}.Release|Any CPU.ActiveCfg = Release|Any CPU
		{D6F86912-4228-48CE-8B04-B4D2B14896FF}.Release|Any CPU.Build.0 = Release|Any CPU
		{086B7B08-13DB-4B82-975B-467889F0958A}.Debug|Any CPU.ActiveCfg = Debug|Any CPU
		{086B7B08-13DB-4B82-975B-467889F0958A}.Debug|Any CPU.Build.0 = Debug|Any CPU
		{086B7B08-13DB-4B82-975B-467889F0958A}.Release|Any CPU.ActiveCfg = Release|Any CPU
		{086B7B08-13DB-4B82-975B-467889F0958A}.Release|Any CPU.Build.0 = Release|Any CPU
		{B8C15EB4-F6FD-45F4-9FF5-D5BFF272EA6D}.Debug|Any CPU.ActiveCfg = Debug|Any CPU
		{B8C15EB4-F6FD-45F4-9FF5-D5BFF272EA6D}.Debug|Any CPU.Build.0 = Debug|Any CPU
		{B8C15EB4-F6FD-45F4-9FF5-D5BFF272EA6D}.Release|Any CPU.ActiveCfg = Release|Any CPU
		{B8C15EB4-F6FD-45F4-9FF5-D5BFF272EA6D}.Release|Any CPU.Build.0 = Release|Any CPU
		{45190D0B-0388-4A76-957E-57DFFCF29A30}.Debug|Any CPU.ActiveCfg = Debug|Any CPU
		{45190D0B-0388-4A76-957E-57DFFCF29A30}.Debug|Any CPU.Build.0 = Debug|Any CPU
		{45190D0B-0388-4A76-957E-57DFFCF29A30}.Release|Any CPU.ActiveCfg = Release|Any CPU
		{45190D0B-0388-4A76-957E-57DFFCF29A30}.Release|Any CPU.Build.0 = Release|Any CPU
		{960CEFBD-EBA4-4108-9C9C-FCF475FF59E3}.Debug|Any CPU.ActiveCfg = Debug|Any CPU
		{960CEFBD-EBA4-4108-9C9C-FCF475FF59E3}.Debug|Any CPU.Build.0 = Debug|Any CPU
		{960CEFBD-EBA4-4108-9C9C-FCF475FF59E3}.Release|Any CPU.ActiveCfg = Release|Any CPU
		{960CEFBD-EBA4-4108-9C9C-FCF475FF59E3}.Release|Any CPU.Build.0 = Release|Any CPU
		{587FBE22-03CB-45F4-990D-EF5C188FC1EB}.Debug|Any CPU.ActiveCfg = Debug|Any CPU
		{587FBE22-03CB-45F4-990D-EF5C188FC1EB}.Debug|Any CPU.Build.0 = Debug|Any CPU
		{587FBE22-03CB-45F4-990D-EF5C188FC1EB}.Release|Any CPU.ActiveCfg = Release|Any CPU
		{587FBE22-03CB-45F4-990D-EF5C188FC1EB}.Release|Any CPU.Build.0 = Release|Any CPU
		{E61A942D-CB07-42D0-BF12-05A3F0122E82}.Debug|Any CPU.ActiveCfg = Debug|Any CPU
		{E61A942D-CB07-42D0-BF12-05A3F0122E82}.Debug|Any CPU.Build.0 = Debug|Any CPU
		{E61A942D-CB07-42D0-BF12-05A3F0122E82}.Release|Any CPU.ActiveCfg = Release|Any CPU
		{E61A942D-CB07-42D0-BF12-05A3F0122E82}.Release|Any CPU.Build.0 = Release|Any CPU
		{68A02765-656C-45D6-812F-E6D652CA07AA}.Debug|Any CPU.ActiveCfg = Debug|Any CPU
		{68A02765-656C-45D6-812F-E6D652CA07AA}.Debug|Any CPU.Build.0 = Debug|Any CPU
		{68A02765-656C-45D6-812F-E6D652CA07AA}.Release|Any CPU.ActiveCfg = Release|Any CPU
		{68A02765-656C-45D6-812F-E6D652CA07AA}.Release|Any CPU.Build.0 = Release|Any CPU
		{E1B56033-D361-4ED3-9ADE-523BCD60779D}.Debug|Any CPU.ActiveCfg = Debug|Any CPU
		{E1B56033-D361-4ED3-9ADE-523BCD60779D}.Debug|Any CPU.Build.0 = Debug|Any CPU
		{E1B56033-D361-4ED3-9ADE-523BCD60779D}.Release|Any CPU.ActiveCfg = Release|Any CPU
		{E1B56033-D361-4ED3-9ADE-523BCD60779D}.Release|Any CPU.Build.0 = Release|Any CPU
		{4F2A083B-9174-4BB6-B404-76CF9488EE46}.Debug|Any CPU.ActiveCfg = Debug|Any CPU
		{4F2A083B-9174-4BB6-B404-76CF9488EE46}.Debug|Any CPU.Build.0 = Debug|Any CPU
		{4F2A083B-9174-4BB6-B404-76CF9488EE46}.Release|Any CPU.ActiveCfg = Release|Any CPU
		{4F2A083B-9174-4BB6-B404-76CF9488EE46}.Release|Any CPU.Build.0 = Release|Any CPU
		{6B8046EF-CA1F-43D3-B8B7-2F05F874688B}.Debug|Any CPU.ActiveCfg = Debug|Any CPU
		{6B8046EF-CA1F-43D3-B8B7-2F05F874688B}.Debug|Any CPU.Build.0 = Debug|Any CPU
		{6B8046EF-CA1F-43D3-B8B7-2F05F874688B}.Release|Any CPU.ActiveCfg = Release|Any CPU
		{6B8046EF-CA1F-43D3-B8B7-2F05F874688B}.Release|Any CPU.Build.0 = Release|Any CPU
		{F26C6853-8E3C-4670-8F97-610AC9A7E4CB}.Debug|Any CPU.ActiveCfg = Debug|Any CPU
		{F26C6853-8E3C-4670-8F97-610AC9A7E4CB}.Debug|Any CPU.Build.0 = Debug|Any CPU
		{F26C6853-8E3C-4670-8F97-610AC9A7E4CB}.Release|Any CPU.ActiveCfg = Release|Any CPU
		{F26C6853-8E3C-4670-8F97-610AC9A7E4CB}.Release|Any CPU.Build.0 = Release|Any CPU
		{7059D458-2DDF-4B23-94E9-41349270BC33}.Debug|Any CPU.ActiveCfg = Debug|Any CPU
		{7059D458-2DDF-4B23-94E9-41349270BC33}.Debug|Any CPU.Build.0 = Debug|Any CPU
		{7059D458-2DDF-4B23-94E9-41349270BC33}.Release|Any CPU.ActiveCfg = Release|Any CPU
		{7059D458-2DDF-4B23-94E9-41349270BC33}.Release|Any CPU.Build.0 = Release|Any CPU
	EndGlobalSection
	GlobalSection(SolutionProperties) = preSolution
		HideSolutionNode = FALSE
	EndGlobalSection
	GlobalSection(ExtensibilityGlobals) = postSolution
		SolutionGuid = {9AF11307-3AD0-4ED1-881C-263682732BCB}
	EndGlobalSection
EndGlobal
